
Microsoft Visual Studio Solution File, Format Version 12.00
# Visual Studio Version 16
VisualStudioVersion = 16.0.30320.27
MinimumVisualStudioVersion = 10.0.40219.1
Project("{9A19103F-16F7-4668-BE54-9A1E7A4F7556}") = "TurboYang.Utility.Jwt", "TurboYang.Utility.Jwt\TurboYang.Utility.Jwt.csproj", "{6859AA7E-696D-4BED-8BBC-5B5D0EB6914D}"
EndProject
Project("{9A19103F-16F7-4668-BE54-9A1E7A4F7556}") = "TurboYang.Utility.Jwt.Tests.NetCore2", "TurboYang.Utility.Jwt.Tests.NetCore2\TurboYang.Utility.Jwt.Tests.NetCore2.csproj", "{C7855506-70AF-4CE1-9FE0-D54E24236550}"
EndProject
Project("{9A19103F-16F7-4668-BE54-9A1E7A4F7556}") = "TurboYang.Utility.Jwt.Tests.Common", "TurboYang.Utility.Jwt.Tests.Common\TurboYang.Utility.Jwt.Tests.Common.csproj", "{A87FC91D-35C4-4EE0-92C5-35E116A832EC}"
EndProject
Project("{9A19103F-16F7-4668-BE54-9A1E7A4F7556}") = "TurboYang.Utility.Jwt.Tests.NetCore3", "TurboYang.Utility.Jwt.Tests.NetCore3\TurboYang.Utility.Jwt.Tests.NetCore3.csproj", "{D124C379-E059-4154-91B8-ACA29C8E288B}"
EndProject
Global
	GlobalSection(SolutionConfigurationPlatforms) = preSolution
		Debug|Any CPU = Debug|Any CPU
		Release|Any CPU = Release|Any CPU
	EndGlobalSection
	GlobalSection(ProjectConfigurationPlatforms) = postSolution
		{6859AA7E-696D-4BED-8BBC-5B5D0EB6914D}.Debug|Any CPU.ActiveCfg = Debug|Any CPU
		{6859AA7E-696D-4BED-8BBC-5B5D0EB6914D}.Debug|Any CPU.Build.0 = Debug|Any CPU
		{6859AA7E-696D-4BED-8BBC-5B5D0EB6914D}.Release|Any CPU.ActiveCfg = Release|Any CPU
		{6859AA7E-696D-4BED-8BBC-5B5D0EB6914D}.Release|Any CPU.Build.0 = Release|Any CPU
		{C7855506-70AF-4CE1-9FE0-D54E24236550}.Debug|Any CPU.ActiveCfg = Debug|Any CPU
		{C7855506-70AF-4CE1-9FE0-D54E24236550}.Debug|Any CPU.Build.0 = Debug|Any CPU
		{C7855506-70AF-4CE1-9FE0-D54E24236550}.Release|Any CPU.ActiveCfg = Release|Any CPU
		{C7855506-70AF-4CE1-9FE0-D54E24236550}.Release|Any CPU.Build.0 = Release|Any CPU
		{A87FC91D-35C4-4EE0-92C5-35E116A832EC}.Debug|Any CPU.ActiveCfg = Debug|Any CPU
		{A87FC91D-35C4-4EE0-92C5-35E116A832EC}.Debug|Any CPU.Build.0 = Debug|Any CPU
		{A87FC91D-35C4-4EE0-92C5-35E116A832EC}.Release|Any CPU.ActiveCfg = Release|Any CPU
		{A87FC91D-35C4-4EE0-92C5-35E116A832EC}.Release|Any CPU.Build.0 = Release|Any CPU
		{D124C379-E059-4154-91B8-ACA29C8E288B}.Debug|Any CPU.ActiveCfg = Debug|Any CPU
		{D124C379-E059-4154-91B8-ACA29C8E288B}.Debug|Any CPU.Build.0 = Debug|Any CPU
		{D124C379-E059-4154-91B8-ACA29C8E288B}.Release|Any CPU.ActiveCfg = Release|Any CPU
		{D124C379-E059-4154-91B8-ACA29C8E288B}.Release|Any CPU.Build.0 = Release|Any CPU
	EndGlobalSection
	GlobalSection(SolutionProperties) = preSolution
		HideSolutionNode = FALSE
	EndGlobalSection
	GlobalSection(ExtensibilityGlobals) = postSolution
		SolutionGuid = {5D981335-72C9-4568-8726-4421F6C75AFC}
	EndGlobalSection
EndGlobal
